
Microsoft Visual Studio Solution File, Format Version 12.00
# Visual Studio 15
VisualStudioVersion = 15.0.27428.2043
MinimumVisualStudioVersion = 10.0.40219.1
Project("{FAE04EC0-301F-11D3-BF4B-00C04F79EFBC}") = "Ejemplos.Enumerables", "Ejemplos.Enumerables\Ejemplos.Enumerables.csproj", "{4D204BA6-D672-4E06-9C4B-CD813F0EAB2B}"
EndProject
Global
	GlobalSection(SolutionConfigurationPlatforms) = preSolution
		Debug|Any CPU = Debug|Any CPU
		Release|Any CPU = Release|Any CPU
	EndGlobalSection
	GlobalSection(ProjectConfigurationPlatforms) = postSolution
		{4D204BA6-D672-4E06-9C4B-CD813F0EAB2B}.Debug|Any CPU.ActiveCfg = Debug|Any CPU
		{4D204BA6-D672-4E06-9C4B-CD813F0EAB2B}.Debug|Any CPU.Build.0 = Debug|Any CPU
		{4D204BA6-D672-4E06-9C4B-CD813F0EAB2B}.Release|Any CPU.ActiveCfg = Release|Any CPU
		{4D204BA6-D672-4E06-9C4B-CD813F0EAB2B}.Release|Any CPU.Build.0 = Release|Any CPU
	EndGlobalSection
	GlobalSection(SolutionProperties) = preSolution
		HideSolutionNode = FALSE
	EndGlobalSection
	GlobalSection(ExtensibilityGlobals) = postSolution
		SolutionGuid = {7B4C71EA-EEC2-4AC5-A4AE-5D006E366A74}
	EndGlobalSection
EndGlobal
